// !$*UTF8*$!
{
	archiveVersion = 1;
	classes = {
	};
	objectVersion = 50;
	objects = {

/* Begin PBXBuildFile section */
		3A0B8441235A09DF00A8534F /* UITableViewCell.swift in Sources */ = {isa = PBXBuildFile; fileRef = 3A0B8440235A09DF00A8534F /* UITableViewCell.swift */; };
		3A2212ED235719D600FF2890 /* RecipeProtocol.swift in Sources */ = {isa = PBXBuildFile; fileRef = 3A2212EC235719D600FF2890 /* RecipeProtocol.swift */; };
		3A2212EF235719E300FF2890 /* RecipeSession.swift in Sources */ = {isa = PBXBuildFile; fileRef = 3A2212EE235719E300FF2890 /* RecipeSession.swift */; };
		3A2212F1235719EE00FF2890 /* RecipeService.swift in Sources */ = {isa = PBXBuildFile; fileRef = 3A2212F0235719EE00FF2890 /* RecipeService.swift */; };
		3A2212F32357469D00FF2890 /* ListRecipesViewController.swift in Sources */ = {isa = PBXBuildFile; fileRef = 3A2212F22357469D00FF2890 /* ListRecipesViewController.swift */; };
		3A2F771F2369AB3C00340571 /* FakeResponse.swift in Sources */ = {isa = PBXBuildFile; fileRef = 3A2F771E2369AB3C00340571 /* FakeResponse.swift */; };
		3A2F77212369AB6200340571 /* FakeResponseData.swift in Sources */ = {isa = PBXBuildFile; fileRef = 3A2F77202369AB6200340571 /* FakeResponseData.swift */; };
		3A2F77232369AE5800340571 /* RecipeSessionFake.swift in Sources */ = {isa = PBXBuildFile; fileRef = 3A2F77222369AE5800340571 /* RecipeSessionFake.swift */; };
		3A2F7725236A0E9D00340571 /* MockCoreDataStack.swift in Sources */ = {isa = PBXBuildFile; fileRef = 3A2F7724236A0E9D00340571 /* MockCoreDataStack.swift */; };
		3A2F7727236A0FE500340571 /* CoreDataManagerTests.swift in Sources */ = {isa = PBXBuildFile; fileRef = 3A2F7726236A0FE500340571 /* CoreDataManagerTests.swift */; };
		3A354C42236AEFAD00EB71FD /* Int.swift in Sources */ = {isa = PBXBuildFile; fileRef = 3A354C41236AEFAC00EB71FD /* Int.swift */; };
		3A354C44236B40E200EB71FD /* Constants.swift in Sources */ = {isa = PBXBuildFile; fileRef = 3A354C43236B40E200EB71FD /* Constants.swift */; };
		3A35B2872350DED10004A8B4 /* SearchTableViewCell.swift in Sources */ = {isa = PBXBuildFile; fileRef = 3A35B2852350DED10004A8B4 /* SearchTableViewCell.swift */; };
		3A35B2882350DED10004A8B4 /* SearchTableViewCell.xib in Resources */ = {isa = PBXBuildFile; fileRef = 3A35B2862350DED10004A8B4 /* SearchTableViewCell.xib */; };
		3A39D3172359EF5E0094DB56 /* UIImageView.swift in Sources */ = {isa = PBXBuildFile; fileRef = 3A39D3162359EF5E0094DB56 /* UIImageView.swift */; };
		3A493F8C235E1345001A4CD1 /* DetailRecipeViewController.swift in Sources */ = {isa = PBXBuildFile; fileRef = 3A493F8B235E1345001A4CD1 /* DetailRecipeViewController.swift */; };
		3AA1EB892358C7E200141F2E /* ListRecipesTableViewCell.swift in Sources */ = {isa = PBXBuildFile; fileRef = 3AA1EB872358C7E200141F2E /* ListRecipesTableViewCell.swift */; };
		3AA1EB8A2358C7E200141F2E /* ListRecipesTableViewCell.xib in Resources */ = {isa = PBXBuildFile; fileRef = 3AA1EB882358C7E200141F2E /* ListRecipesTableViewCell.xib */; };
		3AF1FD6B2360986C00E4B50F /* FavoritesRecipesViewController.swift in Sources */ = {isa = PBXBuildFile; fileRef = 3AF1FD6A2360986C00E4B50F /* FavoritesRecipesViewController.swift */; };
		3AF1FD6D2360C28700E4B50F /* DetailFavoritesRecipesViewController.swift in Sources */ = {isa = PBXBuildFile; fileRef = 3AF1FD6C2360C28700E4B50F /* DetailFavoritesRecipesViewController.swift */; };
		3AF6D8522354BC0500FAD8A6 /* CoreDataStack.swift in Sources */ = {isa = PBXBuildFile; fileRef = 3AF6D8512354BC0500FAD8A6 /* CoreDataStack.swift */; };
		3AF6D8542354BD9E00FAD8A6 /* CoreDataManager.swift in Sources */ = {isa = PBXBuildFile; fileRef = 3AF6D8532354BD9E00FAD8A6 /* CoreDataManager.swift */; };
		3AF6D85A2355D30E00FAD8A6 /* String.swift in Sources */ = {isa = PBXBuildFile; fileRef = 3AF6D8592355D30E00FAD8A6 /* String.swift */; };
		3AF6D85D2356247700FAD8A6 /* ApiKeys.plist in Resources */ = {isa = PBXBuildFile; fileRef = 3AF6D85C2356247700FAD8A6 /* ApiKeys.plist */; };
		3AF6D85F235625B900FAD8A6 /* ApiKeys.swift in Sources */ = {isa = PBXBuildFile; fileRef = 3AF6D85E235625B900FAD8A6 /* ApiKeys.swift */; };
		3AF6D86123562A3700FAD8A6 /* RecipesSearch.swift in Sources */ = {isa = PBXBuildFile; fileRef = 3AF6D86023562A3700FAD8A6 /* RecipesSearch.swift */; };
		3AF6D86323562BC000FAD8A6 /* RecipesSearch.json in Resources */ = {isa = PBXBuildFile; fileRef = 3AF6D86223562BC000FAD8A6 /* RecipesSearch.json */; };
		3AFF222E234E0B8F00502310 /* AppDelegate.swift in Sources */ = {isa = PBXBuildFile; fileRef = 3AFF222D234E0B8F00502310 /* AppDelegate.swift */; };
		3AFF2230234E0B8F00502310 /* SceneDelegate.swift in Sources */ = {isa = PBXBuildFile; fileRef = 3AFF222F234E0B8F00502310 /* SceneDelegate.swift */; };
		3AFF2235234E0B8F00502310 /* Main.storyboard in Resources */ = {isa = PBXBuildFile; fileRef = 3AFF2233234E0B8F00502310 /* Main.storyboard */; };
		3AFF2238234E0B8F00502310 /* Reciplease.xcdatamodeld in Sources */ = {isa = PBXBuildFile; fileRef = 3AFF2236234E0B8F00502310 /* Reciplease.xcdatamodeld */; };
		3AFF223A234E0B9100502310 /* Assets.xcassets in Resources */ = {isa = PBXBuildFile; fileRef = 3AFF2239234E0B9100502310 /* Assets.xcassets */; };
		3AFF223D234E0B9100502310 /* LaunchScreen.storyboard in Resources */ = {isa = PBXBuildFile; fileRef = 3AFF223B234E0B9100502310 /* LaunchScreen.storyboard */; };
		3AFF2248234E0B9100502310 /* RecipeServiceTests.swift in Sources */ = {isa = PBXBuildFile; fileRef = 3AFF2247234E0B9100502310 /* RecipeServiceTests.swift */; };
		3AFF2258234E488100502310 /* UIViewController.swift in Sources */ = {isa = PBXBuildFile; fileRef = 3AFF2257234E488100502310 /* UIViewController.swift */; };
		3AFF225A234E4A0B00502310 /* SearchRecipesViewController.swift in Sources */ = {isa = PBXBuildFile; fileRef = 3AFF2259234E4A0B00502310 /* SearchRecipesViewController.swift */; };
		6499817749DA25A152716092 /* Pods_RecipleaseTests.framework in Frameworks */ = {isa = PBXBuildFile; fileRef = 882C93F932F72AFAB4D43762 /* Pods_RecipleaseTests.framework */; };
		B6CD866C664C3B4EAEDF62D9 /* Pods_Reciplease.framework in Frameworks */ = {isa = PBXBuildFile; fileRef = 6D8348304DFB8BAC467D4982 /* Pods_Reciplease.framework */; };
/* End PBXBuildFile section */

/* Begin PBXContainerItemProxy section */
		3AFF2244234E0B9100502310 /* PBXContainerItemProxy */ = {
			isa = PBXContainerItemProxy;
			containerPortal = 3AFF2222234E0B8E00502310 /* Project object */;
			proxyType = 1;
			remoteGlobalIDString = 3AFF2229234E0B8F00502310;
			remoteInfo = Reciplease;
		};
/* End PBXContainerItemProxy section */

/* Begin PBXFileReference section */
		299EAEA86EC1D87320488DE6 /* Pods-Reciplease.debug.xcconfig */ = {isa = PBXFileReference; includeInIndex = 1; lastKnownFileType = text.xcconfig; name = "Pods-Reciplease.debug.xcconfig"; path = "Pods/Target Support Files/Pods-Reciplease/Pods-Reciplease.debug.xcconfig"; sourceTree = "<group>"; };
		2EE54A37731C84A7D6E6F7B1 /* Pods-Reciplease.release.xcconfig */ = {isa = PBXFileReference; includeInIndex = 1; lastKnownFileType = text.xcconfig; name = "Pods-Reciplease.release.xcconfig"; path = "Pods/Target Support Files/Pods-Reciplease/Pods-Reciplease.release.xcconfig"; sourceTree = "<group>"; };
		3A0B8440235A09DF00A8534F /* UITableViewCell.swift */ = {isa = PBXFileReference; lastKnownFileType = sourcecode.swift; path = UITableViewCell.swift; sourceTree = "<group>"; };
		3A2212EC235719D600FF2890 /* RecipeProtocol.swift */ = {isa = PBXFileReference; lastKnownFileType = sourcecode.swift; path = RecipeProtocol.swift; sourceTree = "<group>"; };
		3A2212EE235719E300FF2890 /* RecipeSession.swift */ = {isa = PBXFileReference; lastKnownFileType = sourcecode.swift; path = RecipeSession.swift; sourceTree = "<group>"; };
		3A2212F0235719EE00FF2890 /* RecipeService.swift */ = {isa = PBXFileReference; lastKnownFileType = sourcecode.swift; path = RecipeService.swift; sourceTree = "<group>"; };
		3A2212F22357469D00FF2890 /* ListRecipesViewController.swift */ = {isa = PBXFileReference; lastKnownFileType = sourcecode.swift; path = ListRecipesViewController.swift; sourceTree = "<group>"; };
		3A2F771E2369AB3C00340571 /* FakeResponse.swift */ = {isa = PBXFileReference; lastKnownFileType = sourcecode.swift; path = FakeResponse.swift; sourceTree = "<group>"; };
		3A2F77202369AB6200340571 /* FakeResponseData.swift */ = {isa = PBXFileReference; lastKnownFileType = sourcecode.swift; path = FakeResponseData.swift; sourceTree = "<group>"; };
		3A2F77222369AE5800340571 /* RecipeSessionFake.swift */ = {isa = PBXFileReference; lastKnownFileType = sourcecode.swift; path = RecipeSessionFake.swift; sourceTree = "<group>"; };
		3A2F7724236A0E9D00340571 /* MockCoreDataStack.swift */ = {isa = PBXFileReference; lastKnownFileType = sourcecode.swift; path = MockCoreDataStack.swift; sourceTree = "<group>"; };
		3A2F7726236A0FE500340571 /* CoreDataManagerTests.swift */ = {isa = PBXFileReference; lastKnownFileType = sourcecode.swift; path = CoreDataManagerTests.swift; sourceTree = "<group>"; };
		3A354C41236AEFAC00EB71FD /* Int.swift */ = {isa = PBXFileReference; lastKnownFileType = sourcecode.swift; path = Int.swift; sourceTree = "<group>"; };
		3A354C43236B40E200EB71FD /* Constants.swift */ = {isa = PBXFileReference; lastKnownFileType = sourcecode.swift; path = Constants.swift; sourceTree = "<group>"; };
		3A35B2852350DED10004A8B4 /* SearchTableViewCell.swift */ = {isa = PBXFileReference; lastKnownFileType = sourcecode.swift; path = SearchTableViewCell.swift; sourceTree = "<group>"; };
		3A35B2862350DED10004A8B4 /* SearchTableViewCell.xib */ = {isa = PBXFileReference; lastKnownFileType = file.xib; path = SearchTableViewCell.xib; sourceTree = "<group>"; };
		3A39D3162359EF5E0094DB56 /* UIImageView.swift */ = {isa = PBXFileReference; lastKnownFileType = sourcecode.swift; path = UIImageView.swift; sourceTree = "<group>"; };
		3A493F8B235E1345001A4CD1 /* DetailRecipeViewController.swift */ = {isa = PBXFileReference; lastKnownFileType = sourcecode.swift; path = DetailRecipeViewController.swift; sourceTree = "<group>"; };
		3AA1EB872358C7E200141F2E /* ListRecipesTableViewCell.swift */ = {isa = PBXFileReference; lastKnownFileType = sourcecode.swift; path = ListRecipesTableViewCell.swift; sourceTree = "<group>"; };
		3AA1EB882358C7E200141F2E /* ListRecipesTableViewCell.xib */ = {isa = PBXFileReference; lastKnownFileType = file.xib; path = ListRecipesTableViewCell.xib; sourceTree = "<group>"; };
		3AF1FD6A2360986C00E4B50F /* FavoritesRecipesViewController.swift */ = {isa = PBXFileReference; lastKnownFileType = sourcecode.swift; path = FavoritesRecipesViewController.swift; sourceTree = "<group>"; };
		3AF1FD6C2360C28700E4B50F /* DetailFavoritesRecipesViewController.swift */ = {isa = PBXFileReference; lastKnownFileType = sourcecode.swift; path = DetailFavoritesRecipesViewController.swift; sourceTree = "<group>"; };
		3AF6D8512354BC0500FAD8A6 /* CoreDataStack.swift */ = {isa = PBXFileReference; lastKnownFileType = sourcecode.swift; path = CoreDataStack.swift; sourceTree = "<group>"; };
		3AF6D8532354BD9E00FAD8A6 /* CoreDataManager.swift */ = {isa = PBXFileReference; lastKnownFileType = sourcecode.swift; path = CoreDataManager.swift; sourceTree = "<group>"; };
		3AF6D8592355D30E00FAD8A6 /* String.swift */ = {isa = PBXFileReference; lastKnownFileType = sourcecode.swift; path = String.swift; sourceTree = "<group>"; };
		3AF6D85C2356247700FAD8A6 /* ApiKeys.plist */ = {isa = PBXFileReference; lastKnownFileType = text.plist.xml; path = ApiKeys.plist; sourceTree = "<group>"; };
		3AF6D85E235625B900FAD8A6 /* ApiKeys.swift */ = {isa = PBXFileReference; lastKnownFileType = sourcecode.swift; path = ApiKeys.swift; sourceTree = "<group>"; };
		3AF6D86023562A3700FAD8A6 /* RecipesSearch.swift */ = {isa = PBXFileReference; lastKnownFileType = sourcecode.swift; path = RecipesSearch.swift; sourceTree = "<group>"; };
		3AF6D86223562BC000FAD8A6 /* RecipesSearch.json */ = {isa = PBXFileReference; lastKnownFileType = text.json; path = RecipesSearch.json; sourceTree = "<group>"; };
		3AFF222A234E0B8F00502310 /* Reciplease.app */ = {isa = PBXFileReference; explicitFileType = wrapper.application; includeInIndex = 0; path = Reciplease.app; sourceTree = BUILT_PRODUCTS_DIR; };
		3AFF222D234E0B8F00502310 /* AppDelegate.swift */ = {isa = PBXFileReference; lastKnownFileType = sourcecode.swift; path = AppDelegate.swift; sourceTree = "<group>"; };
		3AFF222F234E0B8F00502310 /* SceneDelegate.swift */ = {isa = PBXFileReference; lastKnownFileType = sourcecode.swift; path = SceneDelegate.swift; sourceTree = "<group>"; };
		3AFF2234234E0B8F00502310 /* Base */ = {isa = PBXFileReference; lastKnownFileType = file.storyboard; name = Base; path = Base.lproj/Main.storyboard; sourceTree = "<group>"; };
		3AFF2237234E0B8F00502310 /* Reciplease.xcdatamodel */ = {isa = PBXFileReference; lastKnownFileType = wrapper.xcdatamodel; path = Reciplease.xcdatamodel; sourceTree = "<group>"; };
		3AFF2239234E0B9100502310 /* Assets.xcassets */ = {isa = PBXFileReference; lastKnownFileType = folder.assetcatalog; path = Assets.xcassets; sourceTree = "<group>"; };
		3AFF223C234E0B9100502310 /* Base */ = {isa = PBXFileReference; lastKnownFileType = file.storyboard; name = Base; path = Base.lproj/LaunchScreen.storyboard; sourceTree = "<group>"; };
		3AFF223E234E0B9100502310 /* Info.plist */ = {isa = PBXFileReference; lastKnownFileType = text.plist.xml; path = Info.plist; sourceTree = "<group>"; };
		3AFF2243234E0B9100502310 /* RecipleaseTests.xctest */ = {isa = PBXFileReference; explicitFileType = wrapper.cfbundle; includeInIndex = 0; path = RecipleaseTests.xctest; sourceTree = BUILT_PRODUCTS_DIR; };
		3AFF2247234E0B9100502310 /* RecipeServiceTests.swift */ = {isa = PBXFileReference; lastKnownFileType = sourcecode.swift; path = RecipeServiceTests.swift; sourceTree = "<group>"; };
		3AFF2249234E0B9100502310 /* Info.plist */ = {isa = PBXFileReference; lastKnownFileType = text.plist.xml; path = Info.plist; sourceTree = "<group>"; };
		3AFF2257234E488100502310 /* UIViewController.swift */ = {isa = PBXFileReference; lastKnownFileType = sourcecode.swift; path = UIViewController.swift; sourceTree = "<group>"; };
		3AFF2259234E4A0B00502310 /* SearchRecipesViewController.swift */ = {isa = PBXFileReference; lastKnownFileType = sourcecode.swift; path = SearchRecipesViewController.swift; sourceTree = "<group>"; };
		6D8348304DFB8BAC467D4982 /* Pods_Reciplease.framework */ = {isa = PBXFileReference; explicitFileType = wrapper.framework; includeInIndex = 0; path = Pods_Reciplease.framework; sourceTree = BUILT_PRODUCTS_DIR; };
		882C93F932F72AFAB4D43762 /* Pods_RecipleaseTests.framework */ = {isa = PBXFileReference; explicitFileType = wrapper.framework; includeInIndex = 0; path = Pods_RecipleaseTests.framework; sourceTree = BUILT_PRODUCTS_DIR; };
		98DFE44B48E7B2ED93EC1F3C /* Pods-RecipleaseTests.release.xcconfig */ = {isa = PBXFileReference; includeInIndex = 1; lastKnownFileType = text.xcconfig; name = "Pods-RecipleaseTests.release.xcconfig"; path = "Pods/Target Support Files/Pods-RecipleaseTests/Pods-RecipleaseTests.release.xcconfig"; sourceTree = "<group>"; };
		BCA6A9DBAF9FFC8B5166BD14 /* Pods-RecipleaseTests.debug.xcconfig */ = {isa = PBXFileReference; includeInIndex = 1; lastKnownFileType = text.xcconfig; name = "Pods-RecipleaseTests.debug.xcconfig"; path = "Pods/Target Support Files/Pods-RecipleaseTests/Pods-RecipleaseTests.debug.xcconfig"; sourceTree = "<group>"; };
/* End PBXFileReference section */

/* Begin PBXFrameworksBuildPhase section */
		3AFF2227234E0B8F00502310 /* Frameworks */ = {
			isa = PBXFrameworksBuildPhase;
			buildActionMask = 2147483647;
			files = (
				B6CD866C664C3B4EAEDF62D9 /* Pods_Reciplease.framework in Frameworks */,
			);
			runOnlyForDeploymentPostprocessing = 0;
		};
		3AFF2240234E0B9100502310 /* Frameworks */ = {
			isa = PBXFrameworksBuildPhase;
			buildActionMask = 2147483647;
			files = (
				6499817749DA25A152716092 /* Pods_RecipleaseTests.framework in Frameworks */,
			);
			runOnlyForDeploymentPostprocessing = 0;
		};
/* End PBXFrameworksBuildPhase section */

/* Begin PBXGroup section */
		3A10ED1CC37FD929BF933F3C /* Frameworks */ = {
			isa = PBXGroup;
			children = (
				6D8348304DFB8BAC467D4982 /* Pods_Reciplease.framework */,
				882C93F932F72AFAB4D43762 /* Pods_RecipleaseTests.framework */,
			);
			name = Frameworks;
			sourceTree = "<group>";
		};
		3A2F771D2369AB2000340571 /* Helpers */ = {
			isa = PBXGroup;
			children = (
				3A2F771E2369AB3C00340571 /* FakeResponse.swift */,
				3A2F77202369AB6200340571 /* FakeResponseData.swift */,
				3A2F77222369AE5800340571 /* RecipeSessionFake.swift */,
			);
			path = Helpers;
			sourceTree = "<group>";
		};
		3AFF2221234E0B8E00502310 = {
			isa = PBXGroup;
			children = (
				3AFF222C234E0B8F00502310 /* Reciplease */,
				3AFF2246234E0B9100502310 /* RecipleaseTests */,
				3AFF222B234E0B8F00502310 /* Products */,
				5DE8BB6BA0CF94437A41D4EB /* Pods */,
				3A10ED1CC37FD929BF933F3C /* Frameworks */,
			);
			sourceTree = "<group>";
		};
		3AFF222B234E0B8F00502310 /* Products */ = {
			isa = PBXGroup;
			children = (
				3AFF222A234E0B8F00502310 /* Reciplease.app */,
				3AFF2243234E0B9100502310 /* RecipleaseTests.xctest */,
			);
			name = Products;
			sourceTree = "<group>";
		};
		3AFF222C234E0B8F00502310 /* Reciplease */ = {
			isa = PBXGroup;
			children = (
				3AFF2256234E485800502310 /* Extensions */,
				3AFF2254234E0C6F00502310 /* Controller */,
				3AFF2253234E0C6B00502310 /* View */,
				3AFF2252234E0C6700502310 /* Model */,
				3AFF2255234E0C7500502310 /* Supporting Files */,
			);
			path = Reciplease;
			sourceTree = "<group>";
		};
		3AFF2246234E0B9100502310 /* RecipleaseTests */ = {
			isa = PBXGroup;
			children = (
				3A2F771D2369AB2000340571 /* Helpers */,
				3AFF2247234E0B9100502310 /* RecipeServiceTests.swift */,
				3AFF2249234E0B9100502310 /* Info.plist */,
				3AF6D86223562BC000FAD8A6 /* RecipesSearch.json */,
				3A2F7724236A0E9D00340571 /* MockCoreDataStack.swift */,
				3A2F7726236A0FE500340571 /* CoreDataManagerTests.swift */,
			);
			path = RecipleaseTests;
			sourceTree = "<group>";
		};
		3AFF2252234E0C6700502310 /* Model */ = {
			isa = PBXGroup;
			children = (
				3AFF2236234E0B8F00502310 /* Reciplease.xcdatamodeld */,
				3AF6D86023562A3700FAD8A6 /* RecipesSearch.swift */,
				3A2212EC235719D600FF2890 /* RecipeProtocol.swift */,
				3A2212EE235719E300FF2890 /* RecipeSession.swift */,
				3A2212F0235719EE00FF2890 /* RecipeService.swift */,
				3AF6D8512354BC0500FAD8A6 /* CoreDataStack.swift */,
				3AF6D8532354BD9E00FAD8A6 /* CoreDataManager.swift */,
				3A354C43236B40E200EB71FD /* Constants.swift */,
			);
			path = Model;
			sourceTree = "<group>";
		};
		3AFF2253234E0C6B00502310 /* View */ = {
			isa = PBXGroup;
			children = (
				3AFF2233234E0B8F00502310 /* Main.storyboard */,
				3A35B2852350DED10004A8B4 /* SearchTableViewCell.swift */,
				3A35B2862350DED10004A8B4 /* SearchTableViewCell.xib */,
				3AA1EB872358C7E200141F2E /* ListRecipesTableViewCell.swift */,
				3AA1EB882358C7E200141F2E /* ListRecipesTableViewCell.xib */,
			);
			path = View;
			sourceTree = "<group>";
		};
		3AFF2254234E0C6F00502310 /* Controller */ = {
			isa = PBXGroup;
			children = (
				3AFF2259234E4A0B00502310 /* SearchRecipesViewController.swift */,
				3A2212F22357469D00FF2890 /* ListRecipesViewController.swift */,
				3A493F8B235E1345001A4CD1 /* DetailRecipeViewController.swift */,
				3AF1FD6A2360986C00E4B50F /* FavoritesRecipesViewController.swift */,
				3AF1FD6C2360C28700E4B50F /* DetailFavoritesRecipesViewController.swift */,
			);
			path = Controller;
			sourceTree = "<group>";
		};
		3AFF2255234E0C7500502310 /* Supporting Files */ = {
			isa = PBXGroup;
			children = (
				3AFF222D234E0B8F00502310 /* AppDelegate.swift */,
				3AFF222F234E0B8F00502310 /* SceneDelegate.swift */,
				3AFF2239234E0B9100502310 /* Assets.xcassets */,
				3AFF223B234E0B9100502310 /* LaunchScreen.storyboard */,
				3AFF223E234E0B9100502310 /* Info.plist */,
				3AF6D85C2356247700FAD8A6 /* ApiKeys.plist */,
				3AF6D85E235625B900FAD8A6 /* ApiKeys.swift */,
			);
			path = "Supporting Files";
			sourceTree = "<group>";
		};
		3AFF2256234E485800502310 /* Extensions */ = {
			isa = PBXGroup;
			children = (
				3AFF2257234E488100502310 /* UIViewController.swift */,
				3AF6D8592355D30E00FAD8A6 /* String.swift */,
				3A39D3162359EF5E0094DB56 /* UIImageView.swift */,
				3A0B8440235A09DF00A8534F /* UITableViewCell.swift */,
				3A354C41236AEFAC00EB71FD /* Int.swift */,
			);
			path = Extensions;
			sourceTree = "<group>";
		};
		5DE8BB6BA0CF94437A41D4EB /* Pods */ = {
			isa = PBXGroup;
			children = (
				299EAEA86EC1D87320488DE6 /* Pods-Reciplease.debug.xcconfig */,
				2EE54A37731C84A7D6E6F7B1 /* Pods-Reciplease.release.xcconfig */,
				BCA6A9DBAF9FFC8B5166BD14 /* Pods-RecipleaseTests.debug.xcconfig */,
				98DFE44B48E7B2ED93EC1F3C /* Pods-RecipleaseTests.release.xcconfig */,
			);
			name = Pods;
			sourceTree = "<group>";
		};
/* End PBXGroup section */

/* Begin PBXNativeTarget section */
		3AFF2229234E0B8F00502310 /* Reciplease */ = {
			isa = PBXNativeTarget;
			buildConfigurationList = 3AFF224C234E0B9100502310 /* Build configuration list for PBXNativeTarget "Reciplease" */;
			buildPhases = (
				EE6CA58C067CA6EC515EE71E /* [CP] Check Pods Manifest.lock */,
				3AFF2226234E0B8F00502310 /* Sources */,
				3AFF2227234E0B8F00502310 /* Frameworks */,
				3AFF2228234E0B8F00502310 /* Resources */,
				3A096C06234F9BBB0097AE70 /* ShellScript */,
				831473B3FAD7C188C99099D0 /* [CP] Embed Pods Frameworks */,
			);
			buildRules = (
			);
			dependencies = (
			);
			name = Reciplease;
			productName = Reciplease;
			productReference = 3AFF222A234E0B8F00502310 /* Reciplease.app */;
			productType = "com.apple.product-type.application";
		};
		3AFF2242234E0B9100502310 /* RecipleaseTests */ = {
			isa = PBXNativeTarget;
			buildConfigurationList = 3AFF224F234E0B9100502310 /* Build configuration list for PBXNativeTarget "RecipleaseTests" */;
			buildPhases = (
				F941C781D0A0FCA6F597629E /* [CP] Check Pods Manifest.lock */,
				3AFF223F234E0B9100502310 /* Sources */,
				3AFF2240234E0B9100502310 /* Frameworks */,
				3AFF2241234E0B9100502310 /* Resources */,
				E89567EF1C4CEFEE05AABCDF /* [CP] Embed Pods Frameworks */,
			);
			buildRules = (
			);
			dependencies = (
				3AFF2245234E0B9100502310 /* PBXTargetDependency */,
			);
			name = RecipleaseTests;
			productName = RecipleaseTests;
			productReference = 3AFF2243234E0B9100502310 /* RecipleaseTests.xctest */;
			productType = "com.apple.product-type.bundle.unit-test";
		};
/* End PBXNativeTarget section */

/* Begin PBXProject section */
		3AFF2222234E0B8E00502310 /* Project object */ = {
			isa = PBXProject;
			attributes = {
				LastSwiftUpdateCheck = 1100;
				LastUpgradeCheck = 1100;
				ORGANIZATIONNAME = "Angelique Babin";
				TargetAttributes = {
					3AFF2229234E0B8F00502310 = {
						CreatedOnToolsVersion = 11.0;
					};
					3AFF2242234E0B9100502310 = {
						CreatedOnToolsVersion = 11.0;
						TestTargetID = 3AFF2229234E0B8F00502310;
					};
				};
			};
			buildConfigurationList = 3AFF2225234E0B8E00502310 /* Build configuration list for PBXProject "Reciplease" */;
			compatibilityVersion = "Xcode 9.3";
			developmentRegion = en;
			hasScannedForEncodings = 0;
			knownRegions = (
				en,
				Base,
			);
			mainGroup = 3AFF2221234E0B8E00502310;
			productRefGroup = 3AFF222B234E0B8F00502310 /* Products */;
			projectDirPath = "";
			projectRoot = "";
			targets = (
				3AFF2229234E0B8F00502310 /* Reciplease */,
				3AFF2242234E0B9100502310 /* RecipleaseTests */,
			);
		};
/* End PBXProject section */

/* Begin PBXResourcesBuildPhase section */
		3AFF2228234E0B8F00502310 /* Resources */ = {
			isa = PBXResourcesBuildPhase;
			buildActionMask = 2147483647;
			files = (
				3AFF223D234E0B9100502310 /* LaunchScreen.storyboard in Resources */,
				3A35B2882350DED10004A8B4 /* SearchTableViewCell.xib in Resources */,
				3AFF223A234E0B9100502310 /* Assets.xcassets in Resources */,
				3AFF2235234E0B8F00502310 /* Main.storyboard in Resources */,
				3AF6D85D2356247700FAD8A6 /* ApiKeys.plist in Resources */,
				3AA1EB8A2358C7E200141F2E /* ListRecipesTableViewCell.xib in Resources */,
			);
			runOnlyForDeploymentPostprocessing = 0;
		};
		3AFF2241234E0B9100502310 /* Resources */ = {
			isa = PBXResourcesBuildPhase;
			buildActionMask = 2147483647;
			files = (
				3AF6D86323562BC000FAD8A6 /* RecipesSearch.json in Resources */,
			);
			runOnlyForDeploymentPostprocessing = 0;
		};
/* End PBXResourcesBuildPhase section */

/* Begin PBXShellScriptBuildPhase section */
		3A096C06234F9BBB0097AE70 /* ShellScript */ = {
			isa = PBXShellScriptBuildPhase;
			buildActionMask = 2147483647;
			files = (
			);
			inputPaths = (
			);
			outputPaths = (
			);
			runOnlyForDeploymentPostprocessing = 0;
			shellPath = /bin/sh;
			shellScript = "if which swiftlint >/dev/null; then\nswiftlint\nelse\necho \"warning: SwiftLint not installed, download from https://github.com/realm/SwiftLint\"\nfi\n";
		};
		831473B3FAD7C188C99099D0 /* [CP] Embed Pods Frameworks */ = {
			isa = PBXShellScriptBuildPhase;
			buildActionMask = 2147483647;
			files = (
			);
			inputPaths = (
				"${SRCROOT}/Pods/Target Support Files/Pods-Reciplease/Pods-Reciplease-frameworks.sh",
				"${BUILT_PRODUCTS_DIR}/Alamofire/Alamofire.framework",
			);
			name = "[CP] Embed Pods Frameworks";
			outputPaths = (
				"${TARGET_BUILD_DIR}/${FRAMEWORKS_FOLDER_PATH}/Alamofire.framework",
			);
			runOnlyForDeploymentPostprocessing = 0;
			shellPath = /bin/sh;
			shellScript = "\"${SRCROOT}/Pods/Target Support Files/Pods-Reciplease/Pods-Reciplease-frameworks.sh\"\n";
			showEnvVarsInLog = 0;
		};
		E89567EF1C4CEFEE05AABCDF /* [CP] Embed Pods Frameworks */ = {
			isa = PBXShellScriptBuildPhase;
			buildActionMask = 2147483647;
			files = (
			);
			inputPaths = (
				"${SRCROOT}/Pods/Target Support Files/Pods-RecipleaseTests/Pods-RecipleaseTests-frameworks.sh",
				"${BUILT_PRODUCTS_DIR}/Alamofire/Alamofire.framework",
			);
			name = "[CP] Embed Pods Frameworks";
			outputPaths = (
				"${TARGET_BUILD_DIR}/${FRAMEWORKS_FOLDER_PATH}/Alamofire.framework",
			);
			runOnlyForDeploymentPostprocessing = 0;
			shellPath = /bin/sh;
			shellScript = "\"${SRCROOT}/Pods/Target Support Files/Pods-RecipleaseTests/Pods-RecipleaseTests-frameworks.sh\"\n";
			showEnvVarsInLog = 0;
		};
		EE6CA58C067CA6EC515EE71E /* [CP] Check Pods Manifest.lock */ = {
			isa = PBXShellScriptBuildPhase;
			buildActionMask = 2147483647;
			files = (
			);
			inputPaths = (
				"${PODS_PODFILE_DIR_PATH}/Podfile.lock",
				"${PODS_ROOT}/Manifest.lock",
			);
			name = "[CP] Check Pods Manifest.lock";
			outputPaths = (
				"$(DERIVED_FILE_DIR)/Pods-Reciplease-checkManifestLockResult.txt",
			);
			runOnlyForDeploymentPostprocessing = 0;
			shellPath = /bin/sh;
			shellScript = "diff \"${PODS_PODFILE_DIR_PATH}/Podfile.lock\" \"${PODS_ROOT}/Manifest.lock\" > /dev/null\nif [ $? != 0 ] ; then\n    # print error to STDERR\n    echo \"error: The sandbox is not in sync with the Podfile.lock. Run 'pod install' or update your CocoaPods installation.\" >&2\n    exit 1\nfi\n# This output is used by Xcode 'outputs' to avoid re-running this script phase.\necho \"SUCCESS\" > \"${SCRIPT_OUTPUT_FILE_0}\"\n";
			showEnvVarsInLog = 0;
		};
		F941C781D0A0FCA6F597629E /* [CP] Check Pods Manifest.lock */ = {
			isa = PBXShellScriptBuildPhase;
			buildActionMask = 2147483647;
			files = (
			);
			inputPaths = (
				"${PODS_PODFILE_DIR_PATH}/Podfile.lock",
				"${PODS_ROOT}/Manifest.lock",
			);
			name = "[CP] Check Pods Manifest.lock";
			outputPaths = (
				"$(DERIVED_FILE_DIR)/Pods-RecipleaseTests-checkManifestLockResult.txt",
			);
			runOnlyForDeploymentPostprocessing = 0;
			shellPath = /bin/sh;
			shellScript = "diff \"${PODS_PODFILE_DIR_PATH}/Podfile.lock\" \"${PODS_ROOT}/Manifest.lock\" > /dev/null\nif [ $? != 0 ] ; then\n    # print error to STDERR\n    echo \"error: The sandbox is not in sync with the Podfile.lock. Run 'pod install' or update your CocoaPods installation.\" >&2\n    exit 1\nfi\n# This output is used by Xcode 'outputs' to avoid re-running this script phase.\necho \"SUCCESS\" > \"${SCRIPT_OUTPUT_FILE_0}\"\n";
			showEnvVarsInLog = 0;
		};
/* End PBXShellScriptBuildPhase section */

/* Begin PBXSourcesBuildPhase section */
		3AFF2226234E0B8F00502310 /* Sources */ = {
			isa = PBXSourcesBuildPhase;
			buildActionMask = 2147483647;
			files = (
				3A2212F32357469D00FF2890 /* ListRecipesViewController.swift in Sources */,
				3A2212EF235719E300FF2890 /* RecipeSession.swift in Sources */,
				3AFF225A234E4A0B00502310 /* SearchRecipesViewController.swift in Sources */,
				3AA1EB892358C7E200141F2E /* ListRecipesTableViewCell.swift in Sources */,
				3AF6D85F235625B900FAD8A6 /* ApiKeys.swift in Sources */,
				3AF1FD6B2360986C00E4B50F /* FavoritesRecipesViewController.swift in Sources */,
				3AFF2238234E0B8F00502310 /* Reciplease.xcdatamodeld in Sources */,
				3AF6D85A2355D30E00FAD8A6 /* String.swift in Sources */,
				3A2212ED235719D600FF2890 /* RecipeProtocol.swift in Sources */,
				3A2212F1235719EE00FF2890 /* RecipeService.swift in Sources */,
				3A0B8441235A09DF00A8534F /* UITableViewCell.swift in Sources */,
				3A493F8C235E1345001A4CD1 /* DetailRecipeViewController.swift in Sources */,
				3AFF222E234E0B8F00502310 /* AppDelegate.swift in Sources */,
				3AF1FD6D2360C28700E4B50F /* DetailFavoritesRecipesViewController.swift in Sources */,
				3A354C42236AEFAD00EB71FD /* Int.swift in Sources */,
				3AFF2230234E0B8F00502310 /* SceneDelegate.swift in Sources */,
				3AF6D86123562A3700FAD8A6 /* RecipesSearch.swift in Sources */,
				3AFF2258234E488100502310 /* UIViewController.swift in Sources */,
				3AF6D8542354BD9E00FAD8A6 /* CoreDataManager.swift in Sources */,
				3A35B2872350DED10004A8B4 /* SearchTableViewCell.swift in Sources */,
				3A39D3172359EF5E0094DB56 /* UIImageView.swift in Sources */,
				3AF6D8522354BC0500FAD8A6 /* CoreDataStack.swift in Sources */,
				3A354C44236B40E200EB71FD /* Constants.swift in Sources */,
			);
			runOnlyForDeploymentPostprocessing = 0;
		};
		3AFF223F234E0B9100502310 /* Sources */ = {
			isa = PBXSourcesBuildPhase;
			buildActionMask = 2147483647;
			files = (
				3AFF2248234E0B9100502310 /* RecipeServiceTests.swift in Sources */,
				3A2F77232369AE5800340571 /* RecipeSessionFake.swift in Sources */,
				3A2F771F2369AB3C00340571 /* FakeResponse.swift in Sources */,
				3A2F77212369AB6200340571 /* FakeResponseData.swift in Sources */,
				3A2F7727236A0FE500340571 /* CoreDataManagerTests.swift in Sources */,
				3A2F7725236A0E9D00340571 /* MockCoreDataStack.swift in Sources */,
			);
			runOnlyForDeploymentPostprocessing = 0;
		};
/* End PBXSourcesBuildPhase section */

/* Begin PBXTargetDependency section */
		3AFF2245234E0B9100502310 /* PBXTargetDependency */ = {
			isa = PBXTargetDependency;
			target = 3AFF2229234E0B8F00502310 /* Reciplease */;
			targetProxy = 3AFF2244234E0B9100502310 /* PBXContainerItemProxy */;
		};
/* End PBXTargetDependency section */

/* Begin PBXVariantGroup section */
		3AFF2233234E0B8F00502310 /* Main.storyboard */ = {
			isa = PBXVariantGroup;
			children = (
				3AFF2234234E0B8F00502310 /* Base */,
			);
			name = Main.storyboard;
			sourceTree = "<group>";
		};
		3AFF223B234E0B9100502310 /* LaunchScreen.storyboard */ = {
			isa = PBXVariantGroup;
			children = (
				3AFF223C234E0B9100502310 /* Base */,
			);
			name = LaunchScreen.storyboard;
			sourceTree = "<group>";
		};
/* End PBXVariantGroup section */

/* Begin XCBuildConfiguration section */
		3AFF224A234E0B9100502310 /* Debug */ = {
			isa = XCBuildConfiguration;
			buildSettings = {
				ALWAYS_SEARCH_USER_PATHS = NO;
				CLANG_ANALYZER_NONNULL = YES;
				CLANG_ANALYZER_NUMBER_OBJECT_CONVERSION = YES_AGGRESSIVE;
				CLANG_CXX_LANGUAGE_STANDARD = "gnu++14";
				CLANG_CXX_LIBRARY = "libc++";
				CLANG_ENABLE_MODULES = YES;
				CLANG_ENABLE_OBJC_ARC = YES;
				CLANG_ENABLE_OBJC_WEAK = YES;
				CLANG_WARN_BLOCK_CAPTURE_AUTORELEASING = YES;
				CLANG_WARN_BOOL_CONVERSION = YES;
				CLANG_WARN_COMMA = YES;
				CLANG_WARN_CONSTANT_CONVERSION = YES;
				CLANG_WARN_DEPRECATED_OBJC_IMPLEMENTATIONS = YES;
				CLANG_WARN_DIRECT_OBJC_ISA_USAGE = YES_ERROR;
				CLANG_WARN_DOCUMENTATION_COMMENTS = YES;
				CLANG_WARN_EMPTY_BODY = YES;
				CLANG_WARN_ENUM_CONVERSION = YES;
				CLANG_WARN_INFINITE_RECURSION = YES;
				CLANG_WARN_INT_CONVERSION = YES;
				CLANG_WARN_NON_LITERAL_NULL_CONVERSION = YES;
				CLANG_WARN_OBJC_IMPLICIT_RETAIN_SELF = YES;
				CLANG_WARN_OBJC_LITERAL_CONVERSION = YES;
				CLANG_WARN_OBJC_ROOT_CLASS = YES_ERROR;
				CLANG_WARN_RANGE_LOOP_ANALYSIS = YES;
				CLANG_WARN_STRICT_PROTOTYPES = YES;
				CLANG_WARN_SUSPICIOUS_MOVE = YES;
				CLANG_WARN_UNGUARDED_AVAILABILITY = YES_AGGRESSIVE;
				CLANG_WARN_UNREACHABLE_CODE = YES;
				CLANG_WARN__DUPLICATE_METHOD_MATCH = YES;
				COPY_PHASE_STRIP = NO;
				DEBUG_INFORMATION_FORMAT = dwarf;
				ENABLE_STRICT_OBJC_MSGSEND = YES;
				ENABLE_TESTABILITY = YES;
				GCC_C_LANGUAGE_STANDARD = gnu11;
				GCC_DYNAMIC_NO_PIC = NO;
				GCC_NO_COMMON_BLOCKS = YES;
				GCC_OPTIMIZATION_LEVEL = 0;
				GCC_PREPROCESSOR_DEFINITIONS = (
					"DEBUG=1",
					"$(inherited)",
				);
				GCC_WARN_64_TO_32_BIT_CONVERSION = YES;
				GCC_WARN_ABOUT_RETURN_TYPE = YES_ERROR;
				GCC_WARN_UNDECLARED_SELECTOR = YES;
				GCC_WARN_UNINITIALIZED_AUTOS = YES_AGGRESSIVE;
				GCC_WARN_UNUSED_FUNCTION = YES;
				GCC_WARN_UNUSED_VARIABLE = YES;
				IPHONEOS_DEPLOYMENT_TARGET = 11.0;
				MTL_ENABLE_DEBUG_INFO = INCLUDE_SOURCE;
				MTL_FAST_MATH = YES;
				ONLY_ACTIVE_ARCH = YES;
				SDKROOT = iphoneos;
				SWIFT_ACTIVE_COMPILATION_CONDITIONS = DEBUG;
				SWIFT_OPTIMIZATION_LEVEL = "-Onone";
			};
			name = Debug;
		};
		3AFF224B234E0B9100502310 /* Release */ = {
			isa = XCBuildConfiguration;
			buildSettings = {
				ALWAYS_SEARCH_USER_PATHS = NO;
				CLANG_ANALYZER_NONNULL = YES;
				CLANG_ANALYZER_NUMBER_OBJECT_CONVERSION = YES_AGGRESSIVE;
				CLANG_CXX_LANGUAGE_STANDARD = "gnu++14";
				CLANG_CXX_LIBRARY = "libc++";
				CLANG_ENABLE_MODULES = YES;
				CLANG_ENABLE_OBJC_ARC = YES;
				CLANG_ENABLE_OBJC_WEAK = YES;
				CLANG_WARN_BLOCK_CAPTURE_AUTORELEASING = YES;
				CLANG_WARN_BOOL_CONVERSION = YES;
				CLANG_WARN_COMMA = YES;
				CLANG_WARN_CONSTANT_CONVERSION = YES;
				CLANG_WARN_DEPRECATED_OBJC_IMPLEMENTATIONS = YES;
				CLANG_WARN_DIRECT_OBJC_ISA_USAGE = YES_ERROR;
				CLANG_WARN_DOCUMENTATION_COMMENTS = YES;
				CLANG_WARN_EMPTY_BODY = YES;
				CLANG_WARN_ENUM_CONVERSION = YES;
				CLANG_WARN_INFINITE_RECURSION = YES;
				CLANG_WARN_INT_CONVERSION = YES;
				CLANG_WARN_NON_LITERAL_NULL_CONVERSION = YES;
				CLANG_WARN_OBJC_IMPLICIT_RETAIN_SELF = YES;
				CLANG_WARN_OBJC_LITERAL_CONVERSION = YES;
				CLANG_WARN_OBJC_ROOT_CLASS = YES_ERROR;
				CLANG_WARN_RANGE_LOOP_ANALYSIS = YES;
				CLANG_WARN_STRICT_PROTOTYPES = YES;
				CLANG_WARN_SUSPICIOUS_MOVE = YES;
				CLANG_WARN_UNGUARDED_AVAILABILITY = YES_AGGRESSIVE;
				CLANG_WARN_UNREACHABLE_CODE = YES;
				CLANG_WARN__DUPLICATE_METHOD_MATCH = YES;
				COPY_PHASE_STRIP = NO;
				DEBUG_INFORMATION_FORMAT = "dwarf-with-dsym";
				ENABLE_NS_ASSERTIONS = NO;
				ENABLE_STRICT_OBJC_MSGSEND = YES;
				GCC_C_LANGUAGE_STANDARD = gnu11;
				GCC_NO_COMMON_BLOCKS = YES;
				GCC_WARN_64_TO_32_BIT_CONVERSION = YES;
				GCC_WARN_ABOUT_RETURN_TYPE = YES_ERROR;
				GCC_WARN_UNDECLARED_SELECTOR = YES;
				GCC_WARN_UNINITIALIZED_AUTOS = YES_AGGRESSIVE;
				GCC_WARN_UNUSED_FUNCTION = YES;
				GCC_WARN_UNUSED_VARIABLE = YES;
				IPHONEOS_DEPLOYMENT_TARGET = 11.0;
				MTL_ENABLE_DEBUG_INFO = NO;
				MTL_FAST_MATH = YES;
				SDKROOT = iphoneos;
				SWIFT_COMPILATION_MODE = wholemodule;
				SWIFT_OPTIMIZATION_LEVEL = "-O";
				VALIDATE_PRODUCT = YES;
			};
			name = Release;
		};
		3AFF224D234E0B9100502310 /* Debug */ = {
			isa = XCBuildConfiguration;
			baseConfigurationReference = 299EAEA86EC1D87320488DE6 /* Pods-Reciplease.debug.xcconfig */;
			buildSettings = {
				ASSETCATALOG_COMPILER_APPICON_NAME = AppIcon;
				CODE_SIGN_STYLE = Automatic;
				DEVELOPMENT_TEAM = AS4ZG3MAQH;
				INFOPLIST_FILE = "Reciplease/Supporting Files/Info.plist";
				IPHONEOS_DEPLOYMENT_TARGET = 11.0;
				LD_RUNPATH_SEARCH_PATHS = (
					"$(inherited)",
					"@executable_path/Frameworks",
				);
				PRODUCT_BUNDLE_IDENTIFIER = "net.ddns.jessangel-web.Reciplease";
				PRODUCT_NAME = "$(TARGET_NAME)";
				SWIFT_VERSION = 5.0;
				TARGETED_DEVICE_FAMILY = "1,2";
			};
			name = Debug;
		};
		3AFF224E234E0B9100502310 /* Release */ = {
			isa = XCBuildConfiguration;
			baseConfigurationReference = 2EE54A37731C84A7D6E6F7B1 /* Pods-Reciplease.release.xcconfig */;
			buildSettings = {
				ASSETCATALOG_COMPILER_APPICON_NAME = AppIcon;
				CODE_SIGN_STYLE = Automatic;
				DEVELOPMENT_TEAM = AS4ZG3MAQH;
				INFOPLIST_FILE = "Reciplease/Supporting Files/Info.plist";
				IPHONEOS_DEPLOYMENT_TARGET = 11.0;
				LD_RUNPATH_SEARCH_PATHS = (
					"$(inherited)",
					"@executable_path/Frameworks",
				);
				PRODUCT_BUNDLE_IDENTIFIER = "net.ddns.jessangel-web.Reciplease";
				PRODUCT_NAME = "$(TARGET_NAME)";
				SWIFT_VERSION = 5.0;
				TARGETED_DEVICE_FAMILY = "1,2";
			};
			name = Release;
		};
		3AFF2250234E0B9100502310 /* Debug */ = {
			isa = XCBuildConfiguration;
			baseConfigurationReference = BCA6A9DBAF9FFC8B5166BD14 /* Pods-RecipleaseTests.debug.xcconfig */;
			buildSettings = {
				ALWAYS_EMBED_SWIFT_STANDARD_LIBRARIES = YES;
				BUNDLE_LOADER = "$(TEST_HOST)";
				CODE_SIGN_STYLE = Automatic;
				DEVELOPMENT_TEAM = AS4ZG3MAQH;
				INFOPLIST_FILE = RecipleaseTests/Info.plist;
				IPHONEOS_DEPLOYMENT_TARGET = 11.0;
				LD_RUNPATH_SEARCH_PATHS = (
					"$(inherited)",
					"@executable_path/Frameworks",
					"@loader_path/Frameworks",
				);
				PRODUCT_BUNDLE_IDENTIFIER = "net.ddns.jessangel-web.RecipleaseTests";
				PRODUCT_NAME = "$(TARGET_NAME)";
				SWIFT_VERSION = 5.0;
				TARGETED_DEVICE_FAMILY = "1,2";
				TEST_HOST = "$(BUILT_PRODUCTS_DIR)/Reciplease.app/Reciplease";
			};
			name = Debug;
		};
		3AFF2251234E0B9100502310 /* Release */ = {
			isa = XCBuildConfiguration;
			baseConfigurationReference = 98DFE44B48E7B2ED93EC1F3C /* Pods-RecipleaseTests.release.xcconfig */;
			buildSettings = {
				ALWAYS_EMBED_SWIFT_STANDARD_LIBRARIES = YES;
				BUNDLE_LOADER = "$(TEST_HOST)";
				CODE_SIGN_STYLE = Automatic;
				DEVELOPMENT_TEAM = AS4ZG3MAQH;
				INFOPLIST_FILE = RecipleaseTests/Info.plist;
				IPHONEOS_DEPLOYMENT_TARGET = 11.0;
				LD_RUNPATH_SEARCH_PATHS = (
					"$(inherited)",
					"@executable_path/Frameworks",
					"@loader_path/Frameworks",
				);
				PRODUCT_BUNDLE_IDENTIFIER = "net.ddns.jessangel-web.RecipleaseTests";
				PRODUCT_NAME = "$(TARGET_NAME)";
				SWIFT_VERSION = 5.0;
				TARGETED_DEVICE_FAMILY = "1,2";
				TEST_HOST = "$(BUILT_PRODUCTS_DIR)/Reciplease.app/Reciplease";
			};
			name = Release;
		};
/* End XCBuildConfiguration section */

/* Begin XCConfigurationList section */
		3AFF2225234E0B8E00502310 /* Build configuration list for PBXProject "Reciplease" */ = {
			isa = XCConfigurationList;
			buildConfigurations = (
				3AFF224A234E0B9100502310 /* Debug */,
				3AFF224B234E0B9100502310 /* Release */,
			);
			defaultConfigurationIsVisible = 0;
			defaultConfigurationName = Release;
		};
		3AFF224C234E0B9100502310 /* Build configuration list for PBXNativeTarget "Reciplease" */ = {
			isa = XCConfigurationList;
			buildConfigurations = (
				3AFF224D234E0B9100502310 /* Debug */,
				3AFF224E234E0B9100502310 /* Release */,
			);
			defaultConfigurationIsVisible = 0;
			defaultConfigurationName = Release;
		};
		3AFF224F234E0B9100502310 /* Build configuration list for PBXNativeTarget "RecipleaseTests" */ = {
			isa = XCConfigurationList;
			buildConfigurations = (
				3AFF2250234E0B9100502310 /* Debug */,
				3AFF2251234E0B9100502310 /* Release */,
			);
			defaultConfigurationIsVisible = 0;
			defaultConfigurationName = Release;
		};
/* End XCConfigurationList section */

/* Begin XCVersionGroup section */
		3AFF2236234E0B8F00502310 /* Reciplease.xcdatamodeld */ = {
			isa = XCVersionGroup;
			children = (
				3AFF2237234E0B8F00502310 /* Reciplease.xcdatamodel */,
			);
			currentVersion = 3AFF2237234E0B8F00502310 /* Reciplease.xcdatamodel */;
			path = Reciplease.xcdatamodeld;
			sourceTree = "<group>";
			versionGroupType = wrapper.xcdatamodel;
		};
/* End XCVersionGroup section */
	};
	rootObject = 3AFF2222234E0B8E00502310 /* Project object */;
}
